
Microsoft Visual Studio Solution File, Format Version 12.00
# Visual Studio Version 16
VisualStudioVersion = 16.0.29920.165
MinimumVisualStudioVersion = 15.0.26124.0
Project("{9A19103F-16F7-4668-BE54-9A1E7A4F7556}") = "App.Api", "App.Api\App.Api.csproj", "{D0EB77CD-B7CE-4CD2-B503-6DEC1F9F759D}"
EndProject
Project("{9A19103F-16F7-4668-BE54-9A1E7A4F7556}") = "App.Core", "App.Core\App.Core.csproj", "{4FDAEF4E-73D7-4D2B-91B4-15CA5BAB4D30}"
EndProject
Project("{9A19103F-16F7-4668-BE54-9A1E7A4F7556}") = "App.Infrastructure", "App.Infrastructure\App.Infrastructure.csproj", "{B089CA99-64D0-447D-9D39-D2D68EAE806B}"
EndProject
Project("{9A19103F-16F7-4668-BE54-9A1E7A4F7556}") = "App.Mail", "App.Mail\App.Mail.csproj", "{A48458BD-83C4-4224-8F53-CFADEBD5A3CB}"
EndProject
Project("{9A19103F-16F7-4668-BE54-9A1E7A4F7556}") = "App.Root", "App.Root\App.Root.csproj", "{C8651ADC-024B-44CB-AB9E-5EA4DCF37D74}"
EndProject
Project("{9A19103F-16F7-4668-BE54-9A1E7A4F7556}") = "App.Service", "App.Service\App.Service.csproj", "{E483DB52-966F-454C-8168-F0462CDF2109}"
EndProject
Global
	GlobalSection(SolutionConfigurationPlatforms) = preSolution
		Debug|Any CPU = Debug|Any CPU
		Release|Any CPU = Release|Any CPU
	EndGlobalSection
	GlobalSection(ProjectConfigurationPlatforms) = postSolution
		{D0EB77CD-B7CE-4CD2-B503-6DEC1F9F759D}.Debug|Any CPU.ActiveCfg = Debug|Any CPU
		{D0EB77CD-B7CE-4CD2-B503-6DEC1F9F759D}.Debug|Any CPU.Build.0 = Debug|Any CPU
		{D0EB77CD-B7CE-4CD2-B503-6DEC1F9F759D}.Release|Any CPU.ActiveCfg = Release|Any CPU
		{D0EB77CD-B7CE-4CD2-B503-6DEC1F9F759D}.Release|Any CPU.Build.0 = Release|Any CPU
		{4FDAEF4E-73D7-4D2B-91B4-15CA5BAB4D30}.Debug|Any CPU.ActiveCfg = Debug|Any CPU
		{4FDAEF4E-73D7-4D2B-91B4-15CA5BAB4D30}.Debug|Any CPU.Build.0 = Debug|Any CPU
		{4FDAEF4E-73D7-4D2B-91B4-15CA5BAB4D30}.Release|Any CPU.ActiveCfg = Release|Any CPU
		{4FDAEF4E-73D7-4D2B-91B4-15CA5BAB4D30}.Release|Any CPU.Build.0 = Release|Any CPU
		{B089CA99-64D0-447D-9D39-D2D68EAE806B}.Debug|Any CPU.ActiveCfg = Debug|Any CPU
		{B089CA99-64D0-447D-9D39-D2D68EAE806B}.Debug|Any CPU.Build.0 = Debug|Any CPU
		{B089CA99-64D0-447D-9D39-D2D68EAE806B}.Release|Any CPU.ActiveCfg = Release|Any CPU
		{B089CA99-64D0-447D-9D39-D2D68EAE806B}.Release|Any CPU.Build.0 = Release|Any CPU
		{A48458BD-83C4-4224-8F53-CFADEBD5A3CB}.Debug|Any CPU.ActiveCfg = Debug|Any CPU
		{A48458BD-83C4-4224-8F53-CFADEBD5A3CB}.Debug|Any CPU.Build.0 = Debug|Any CPU
		{A48458BD-83C4-4224-8F53-CFADEBD5A3CB}.Release|Any CPU.ActiveCfg = Release|Any CPU
		{A48458BD-83C4-4224-8F53-CFADEBD5A3CB}.Release|Any CPU.Build.0 = Release|Any CPU
		{C8651ADC-024B-44CB-AB9E-5EA4DCF37D74}.Debug|Any CPU.ActiveCfg = Debug|Any CPU
		{C8651ADC-024B-44CB-AB9E-5EA4DCF37D74}.Debug|Any CPU.Build.0 = Debug|Any CPU
		{C8651ADC-024B-44CB-AB9E-5EA4DCF37D74}.Release|Any CPU.ActiveCfg = Release|Any CPU
		{C8651ADC-024B-44CB-AB9E-5EA4DCF37D74}.Release|Any CPU.Build.0 = Release|Any CPU
		{E483DB52-966F-454C-8168-F0462CDF2109}.Debug|Any CPU.ActiveCfg = Debug|Any CPU
		{E483DB52-966F-454C-8168-F0462CDF2109}.Debug|Any CPU.Build.0 = Debug|Any CPU
		{E483DB52-966F-454C-8168-F0462CDF2109}.Release|Any CPU.ActiveCfg = Release|Any CPU
		{E483DB52-966F-454C-8168-F0462CDF2109}.Release|Any CPU.Build.0 = Release|Any CPU
	EndGlobalSection
	GlobalSection(SolutionProperties) = preSolution
		HideSolutionNode = FALSE
	EndGlobalSection
	GlobalSection(ExtensibilityGlobals) = postSolution
		SolutionGuid = {32BED03B-40BB-4981-A801-F95B9F07CAC3}
	EndGlobalSection
EndGlobal
