
Microsoft Visual Studio Solution File, Format Version 12.00
# Visual Studio Version 16
VisualStudioVersion = 16.0.29920.165
MinimumVisualStudioVersion = 15.0.26124.0
Project("{9A19103F-16F7-4668-BE54-9A1E7A4F7556}") = "app.api", "app.api\app.api.csproj", "{80D63672-4377-4238-AC5F-3F7BEDE5954B}"
EndProject
Project("{9A19103F-16F7-4668-BE54-9A1E7A4F7556}") = "app.infrastructure", "app.infrastructure\app.infrastructure.csproj", "{2A7B51CF-26E4-45D3-AA74-9BD572BCB1AE}"
EndProject
Global
	GlobalSection(SolutionConfigurationPlatforms) = preSolution
		Debug|Any CPU = Debug|Any CPU
		Release|Any CPU = Release|Any CPU
	EndGlobalSection
	GlobalSection(ProjectConfigurationPlatforms) = postSolution
		{80D63672-4377-4238-AC5F-3F7BEDE5954B}.Debug|Any CPU.ActiveCfg = Debug|Any CPU
		{80D63672-4377-4238-AC5F-3F7BEDE5954B}.Debug|Any CPU.Build.0 = Debug|Any CPU
		{80D63672-4377-4238-AC5F-3F7BEDE5954B}.Release|Any CPU.ActiveCfg = Release|Any CPU
		{80D63672-4377-4238-AC5F-3F7BEDE5954B}.Release|Any CPU.Build.0 = Release|Any CPU
		{2A7B51CF-26E4-45D3-AA74-9BD572BCB1AE}.Debug|Any CPU.ActiveCfg = Debug|Any CPU
		{2A7B51CF-26E4-45D3-AA74-9BD572BCB1AE}.Debug|Any CPU.Build.0 = Debug|Any CPU
		{2A7B51CF-26E4-45D3-AA74-9BD572BCB1AE}.Release|Any CPU.ActiveCfg = Release|Any CPU
		{2A7B51CF-26E4-45D3-AA74-9BD572BCB1AE}.Release|Any CPU.Build.0 = Release|Any CPU
	EndGlobalSection
	GlobalSection(SolutionProperties) = preSolution
		HideSolutionNode = FALSE
	EndGlobalSection
	GlobalSection(ExtensibilityGlobals) = postSolution
		SolutionGuid = {32BED03B-40BB-4981-A801-F95B9F07CAC3}
	EndGlobalSection
EndGlobal
