
Microsoft Visual Studio Solution File, Format Version 12.00
# Visual Studio Version 16
VisualStudioVersion = 16.0.29920.165
MinimumVisualStudioVersion = 15.0.26124.0
Project("{9A19103F-16F7-4668-BE54-9A1E7A4F7556}") = "app.api", "app.api\app.api.csproj", "{80D63672-4377-4238-AC5F-3F7BEDE5954B}"
EndProject
Project("{9A19103F-16F7-4668-BE54-9A1E7A4F7556}") = "app.infrastructure", "app.infrastructure\app.infrastructure.csproj", "{2A7B51CF-26E4-45D3-AA74-9BD572BCB1AE}"
EndProject
Project("{FAE04EC0-301F-11D3-BF4B-00C04F79EFBC}") = "app.business", "app.business\app.business.csproj", "{B44FE50D-9457-4CC8-8C76-3507CF53647F}"
EndProject
Project("{FAE04EC0-301F-11D3-BF4B-00C04F79EFBC}") = "app.core", "app.core\app.core.csproj", "{6125AB4F-3DD3-467A-8E8A-56685E4546FE}"
EndProject
Project("{FAE04EC0-301F-11D3-BF4B-00C04F79EFBC}") = "app.root", "app.root\app.root.csproj", "{FE90F51D-F8C4-4DFE-9465-513CB2D10075}"
EndProject
Project("{FAE04EC0-301F-11D3-BF4B-00C04F79EFBC}") = "app.test", "app.test\app.test.csproj", "{C29EEC21-79BC-4A26-801F-6A6D5341D5C2}"
EndProject
Project("{FAE04EC0-301F-11D3-BF4B-00C04F79EFBC}") = "app.integrationtest", "app.integrationtest\app.integrationtest.csproj", "{CE333131-EB99-41B5-A59B-3D1BCE065E07}"
EndProject
Project("{FAE04EC0-301F-11D3-BF4B-00C04F79EFBC}") = "app.signalR", "app.signalR\app.signalR.csproj", "{E110F82B-609F-4253-8D50-FD9915D4AAA2}"
EndProject
Project("{FAE04EC0-301F-11D3-BF4B-00C04F79EFBC}") = "app.mail", "app.mail\app.mail.csproj", "{B3131C0A-D806-4C06-AD45-DFC00A8732BC}"
EndProject
Global
	GlobalSection(SolutionConfigurationPlatforms) = preSolution
		Debug|Any CPU = Debug|Any CPU
		Release|Any CPU = Release|Any CPU
	EndGlobalSection
	GlobalSection(ProjectConfigurationPlatforms) = postSolution
		{80D63672-4377-4238-AC5F-3F7BEDE5954B}.Debug|Any CPU.ActiveCfg = Debug|Any CPU
		{80D63672-4377-4238-AC5F-3F7BEDE5954B}.Debug|Any CPU.Build.0 = Debug|Any CPU
		{80D63672-4377-4238-AC5F-3F7BEDE5954B}.Release|Any CPU.ActiveCfg = Release|Any CPU
		{80D63672-4377-4238-AC5F-3F7BEDE5954B}.Release|Any CPU.Build.0 = Release|Any CPU
		{2A7B51CF-26E4-45D3-AA74-9BD572BCB1AE}.Debug|Any CPU.ActiveCfg = Debug|Any CPU
		{2A7B51CF-26E4-45D3-AA74-9BD572BCB1AE}.Debug|Any CPU.Build.0 = Debug|Any CPU
		{2A7B51CF-26E4-45D3-AA74-9BD572BCB1AE}.Release|Any CPU.ActiveCfg = Release|Any CPU
		{2A7B51CF-26E4-45D3-AA74-9BD572BCB1AE}.Release|Any CPU.Build.0 = Release|Any CPU
		{B44FE50D-9457-4CC8-8C76-3507CF53647F}.Debug|Any CPU.ActiveCfg = Debug|Any CPU
		{B44FE50D-9457-4CC8-8C76-3507CF53647F}.Debug|Any CPU.Build.0 = Debug|Any CPU
		{B44FE50D-9457-4CC8-8C76-3507CF53647F}.Release|Any CPU.ActiveCfg = Release|Any CPU
		{B44FE50D-9457-4CC8-8C76-3507CF53647F}.Release|Any CPU.Build.0 = Release|Any CPU
		{6125AB4F-3DD3-467A-8E8A-56685E4546FE}.Debug|Any CPU.ActiveCfg = Debug|Any CPU
		{6125AB4F-3DD3-467A-8E8A-56685E4546FE}.Debug|Any CPU.Build.0 = Debug|Any CPU
		{6125AB4F-3DD3-467A-8E8A-56685E4546FE}.Release|Any CPU.ActiveCfg = Release|Any CPU
		{6125AB4F-3DD3-467A-8E8A-56685E4546FE}.Release|Any CPU.Build.0 = Release|Any CPU
		{FE90F51D-F8C4-4DFE-9465-513CB2D10075}.Debug|Any CPU.ActiveCfg = Debug|Any CPU
		{FE90F51D-F8C4-4DFE-9465-513CB2D10075}.Debug|Any CPU.Build.0 = Debug|Any CPU
		{FE90F51D-F8C4-4DFE-9465-513CB2D10075}.Release|Any CPU.ActiveCfg = Release|Any CPU
		{FE90F51D-F8C4-4DFE-9465-513CB2D10075}.Release|Any CPU.Build.0 = Release|Any CPU
		{C29EEC21-79BC-4A26-801F-6A6D5341D5C2}.Debug|Any CPU.ActiveCfg = Debug|Any CPU
		{C29EEC21-79BC-4A26-801F-6A6D5341D5C2}.Debug|Any CPU.Build.0 = Debug|Any CPU
		{C29EEC21-79BC-4A26-801F-6A6D5341D5C2}.Release|Any CPU.ActiveCfg = Release|Any CPU
		{C29EEC21-79BC-4A26-801F-6A6D5341D5C2}.Release|Any CPU.Build.0 = Release|Any CPU
		{CE333131-EB99-41B5-A59B-3D1BCE065E07}.Debug|Any CPU.ActiveCfg = Debug|Any CPU
		{CE333131-EB99-41B5-A59B-3D1BCE065E07}.Debug|Any CPU.Build.0 = Debug|Any CPU
		{CE333131-EB99-41B5-A59B-3D1BCE065E07}.Release|Any CPU.ActiveCfg = Release|Any CPU
		{CE333131-EB99-41B5-A59B-3D1BCE065E07}.Release|Any CPU.Build.0 = Release|Any CPU
		{E110F82B-609F-4253-8D50-FD9915D4AAA2}.Debug|Any CPU.ActiveCfg = Debug|Any CPU
		{E110F82B-609F-4253-8D50-FD9915D4AAA2}.Debug|Any CPU.Build.0 = Debug|Any CPU
		{E110F82B-609F-4253-8D50-FD9915D4AAA2}.Release|Any CPU.ActiveCfg = Release|Any CPU
		{E110F82B-609F-4253-8D50-FD9915D4AAA2}.Release|Any CPU.Build.0 = Release|Any CPU
		{B3131C0A-D806-4C06-AD45-DFC00A8732BC}.Debug|Any CPU.ActiveCfg = Debug|Any CPU
		{B3131C0A-D806-4C06-AD45-DFC00A8732BC}.Debug|Any CPU.Build.0 = Debug|Any CPU
		{B3131C0A-D806-4C06-AD45-DFC00A8732BC}.Release|Any CPU.ActiveCfg = Release|Any CPU
		{B3131C0A-D806-4C06-AD45-DFC00A8732BC}.Release|Any CPU.Build.0 = Release|Any CPU
	EndGlobalSection
	GlobalSection(SolutionProperties) = preSolution
		HideSolutionNode = FALSE
	EndGlobalSection
	GlobalSection(ExtensibilityGlobals) = postSolution
		SolutionGuid = {32BED03B-40BB-4981-A801-F95B9F07CAC3}
	EndGlobalSection
EndGlobal
